<?xml version="1.0" encoding="utf-8"?>
<Project ToolsVersion="4.0" xmlns="http://schemas.microsoft.com/developer/msbuild/2003">
  <ItemGroup>
    <Filter Include="Header Files">
      <UniqueIdentifier>{93995380-89BD-4b04-88EB-625FBE52EBFB}</UniqueIdentifier>
      <Extensions>h</Extensions>
      <ParseFiles>true</ParseFiles>
    </Filter>
    <Filter Include="Generated Files">
      <UniqueIdentifier>{71ED8ED8-ACB9-4CE9-BBE1-E00B30144E11}</UniqueIdentifier>
      <Extensions>moc;h;cpp</Extensions>
      <ParseFiles>true</ParseFiles>
    </Filter>
    <Filter Include="Generated Files\Debug">
      <UniqueIdentifier>{dcdb5b07-7fcf-4351-be9e-47dfbac41e4d}</UniqueIdentifier>
      <Extensions>cpp;moc</Extensions>
      <SourceControlFiles>False</SourceControlFiles>
    </Filter>
    <Filter Include="Generated Files\Release">
      <UniqueIdentifier>{e956a603-1438-417e-ae03-e6a0d59127a6}</UniqueIdentifier>
      <Extensions>cpp;moc</Extensions>
      <SourceControlFiles>False</SourceControlFiles>
    </Filter>
    <Filter Include="Generated Files\Template">
      <UniqueIdentifier>{d8a4d50f-72c0-42db-a150-c30dfa25aebb}</UniqueIdentifier>
      <Extensions>cpp;moc</Extensions>
      <SourceControlFiles>False</SourceControlFiles>
    </Filter>
    <Filter Include="Source Files">
      <UniqueIdentifier>{d0ebe5ea-6b2b-4804-9bd2-5290b36ec7fc}</UniqueIdentifier>
    </Filter>
    <Filter Include="Resource Files">
      <UniqueIdentifier>{D9D6E242-F8AF-46E4-B9FD-80ECBC20BA3E}</UniqueIdentifier>
      <Extensions>qrc;*</Extensions>
      <ParseFiles>false</ParseFiles>
    </Filter>
    <Filter Include="Form Files">
      <UniqueIdentifier>{99349809-55BA-4b9d-BF79-8FDBB0286EB3}</UniqueIdentifier>
      <Extensions>ui</Extensions>
      <ParseFiles>true</ParseFiles>
    </Filter>
  </ItemGroup>
  <ItemGroup>
    <ClInclude Include="basic_typedef.h">
      <Filter>Header Files</Filter>
    </ClInclude>
    <ClInclude Include="colors.h">
      <Filter>Header Files</Filter>
    </ClInclude>
    <ClInclude Include="get_bounding_circle_center.h">
      <Filter>Header Files</Filter>
    </ClInclude>
    <ClInclude Include="Socket.h">
      <Filter>Header Files</Filter>
    </ClInclude>
    <ClInclude Include="GeneratedFiles\ui_mrmpapplication.h">
      <Filter>Generated Files</Filter>
    </ClInclude>
    <ClInclude Include="GeneratedFiles\ui_MRMPDrawingBox.h">
      <Filter>Generated Files</Filter>
    </ClInclude>
  </ItemGroup>
  <ItemGroup>
    <CustomBuild Include="GraphicsPolygon.h">
      <Filter>Header Files</Filter>
    </CustomBuild>
    <CustomBuild Include="mrmpapplication.h">
      <Filter>Header Files</Filter>
    </CustomBuild>
    <CustomBuild Include="MRMPDrawingBox.h">
      <Filter>Header Files</Filter>
    </CustomBuild>
    <CustomBuild Include="Scene.h">
      <Filter>Header Files</Filter>
    </CustomBuild>
    <CustomBuild Include="mrmpapplication.qrc">
      <Filter>Resource Files</Filter>
    </CustomBuild>
    <CustomBuild Include="mrmpapplication.ui">
      <Filter>Form Files</Filter>
    </CustomBuild>
    <CustomBuild Include="MRMPDrawingBox.ui">
      <Filter>Form Files</Filter>
    </CustomBuild>
  </ItemGroup>
  <ItemGroup>
    <ClCompile Include="GeneratedFiles\Debug\moc_GraphicsPolygon.cpp">
      <Filter>Generated Files\Debug</Filter>
    </ClCompile>
    <ClCompile Include="GeneratedFiles\Release\moc_GraphicsPolygon.cpp">
      <Filter>Generated Files\Release</Filter>
    </ClCompile>
    <ClCompile Include="GeneratedFiles\Template\moc_GraphicsPolygon.cpp">
      <Filter>Generated Files\Template</Filter>
    </ClCompile>
    <ClCompile Include="GeneratedFiles\Debug\moc_mrmpapplication.cpp">
      <Filter>Generated Files\Debug</Filter>
    </ClCompile>
    <ClCompile Include="GeneratedFiles\Release\moc_mrmpapplication.cpp">
      <Filter>Generated Files\Release</Filter>
    </ClCompile>
    <ClCompile Include="GeneratedFiles\Template\moc_mrmpapplication.cpp">
      <Filter>Generated Files\Template</Filter>
    </ClCompile>
    <ClCompile Include="GeneratedFiles\Debug\moc_MRMPDrawingBox.cpp">
      <Filter>Generated Files\Debug</Filter>
    </ClCompile>
    <ClCompile Include="GeneratedFiles\Release\moc_MRMPDrawingBox.cpp">
      <Filter>Generated Files\Release</Filter>
    </ClCompile>
    <ClCompile Include="GeneratedFiles\Template\moc_MRMPDrawingBox.cpp">
      <Filter>Generated Files\Template</Filter>
    </ClCompile>
    <ClCompile Include="GeneratedFiles\Debug\moc_Scene.cpp">
      <Filter>Generated Files\Debug</Filter>
    </ClCompile>
    <ClCompile Include="GeneratedFiles\Release\moc_Scene.cpp">
      <Filter>Generated Files\Release</Filter>
    </ClCompile>
    <ClCompile Include="GeneratedFiles\Template\moc_Scene.cpp">
      <Filter>Generated Files\Template</Filter>
    </ClCompile>
    <ClCompile Include="GraphicsPolygon.cpp">
      <Filter>Source Files</Filter>
    </ClCompile>
    <ClCompile Include="Socket.cpp">
      <Filter>Source Files</Filter>
    </ClCompile>
    <ClCompile Include="main.cpp">
      <Filter>Source Files</Filter>
    </ClCompile>
    <ClCompile Include="mrmpapplication.cpp">
      <Filter>Source Files</Filter>
    </ClCompile>
    <ClCompile Include="MRMPDrawingBox.cpp">
      <Filter>Source Files</Filter>
    </ClCompile>
    <ClCompile Include="Scene.cpp">
      <Filter>Source Files</Filter>
    </ClCompile>
    <ClCompile Include="GeneratedFiles\qrc_mrmpapplication.cpp">
      <Filter>Generated Files</Filter>
    </ClCompile>
  </ItemGroup>
</Project>